
Microsoft Visual Studio Solution File, Format Version 12.00
# Visual Studio Version 17
VisualStudioVersion = 17.6.33829.357
MinimumVisualStudioVersion = 10.0.40219.1
Project("{2150E333-8FDC-42A3-9474-1A3956D46DE8}") = "src", "src", "{BD7FFB68-5CF8-4FA7-8CBC-F40EC21C8971}"
EndProject
Project("{9A19103F-16F7-4668-BE54-9A1E7A4F7556}") = "CabTap.Web", "CabTap.Web\CabTap.Web.csproj", "{FA53EFAA-7BD3-4AE2-9C4A-5A025DD9A9AE}"
EndProject
Project("{FAE04EC0-301F-11D3-BF4B-00C04F79EFBC}") = "CabTap.Api", "CabTap.Api\CabTap.Api.csproj", "{44819E4F-0726-49C4-AE3D-9EDA4BD3B168}"
EndProject
Project("{FAE04EC0-301F-11D3-BF4B-00C04F79EFBC}") = "CabTap.Core", "CabTap.Core\CabTap.Core.csproj", "{37F6BDC2-A64B-4800-B2EF-8C13EB3C55CB}"
EndProject
Project("{FAE04EC0-301F-11D3-BF4B-00C04F79EFBC}") = "CabTap.Data", "CabTap.Data\CabTap.Data.csproj", "{7B5E8832-8DD9-45F4-A97E-84D8C8B8FE0A}"
EndProject
Project("{FAE04EC0-301F-11D3-BF4B-00C04F79EFBC}") = "CabTap.Infrastructure", "CabTap.Infrastructure\CabTap.Infrastructure.csproj", "{1746141D-3E92-4AFE-B2AA-2C9E213AFB56}"
EndProject
Project("{FAE04EC0-301F-11D3-BF4B-00C04F79EFBC}") = "CabTap.Services", "CabTap.Services\CabTap.Services.csproj", "{DFDC77B1-49F7-42BE-9E04-A0793DAFE3F9}"
EndProject
Project("{FAE04EC0-301F-11D3-BF4B-00C04F79EFBC}") = "CabTap.Shared", "CabTap.Shared\CabTap.Shared.csproj", "{ACABC719-3382-4C68-A6C0-55CF0C29E7A2}"
EndProject
Global
	GlobalSection(SolutionConfigurationPlatforms) = preSolution
		Debug|Any CPU = Debug|Any CPU
		Release|Any CPU = Release|Any CPU
	EndGlobalSection
	GlobalSection(ProjectConfigurationPlatforms) = postSolution
		{FA53EFAA-7BD3-4AE2-9C4A-5A025DD9A9AE}.Debug|Any CPU.ActiveCfg = Debug|Any CPU
		{FA53EFAA-7BD3-4AE2-9C4A-5A025DD9A9AE}.Debug|Any CPU.Build.0 = Debug|Any CPU
		{FA53EFAA-7BD3-4AE2-9C4A-5A025DD9A9AE}.Release|Any CPU.ActiveCfg = Release|Any CPU
		{FA53EFAA-7BD3-4AE2-9C4A-5A025DD9A9AE}.Release|Any CPU.Build.0 = Release|Any CPU
		{44819E4F-0726-49C4-AE3D-9EDA4BD3B168}.Debug|Any CPU.ActiveCfg = Debug|Any CPU
		{44819E4F-0726-49C4-AE3D-9EDA4BD3B168}.Debug|Any CPU.Build.0 = Debug|Any CPU
		{44819E4F-0726-49C4-AE3D-9EDA4BD3B168}.Release|Any CPU.ActiveCfg = Release|Any CPU
		{44819E4F-0726-49C4-AE3D-9EDA4BD3B168}.Release|Any CPU.Build.0 = Release|Any CPU
		{37F6BDC2-A64B-4800-B2EF-8C13EB3C55CB}.Debug|Any CPU.ActiveCfg = Debug|Any CPU
		{37F6BDC2-A64B-4800-B2EF-8C13EB3C55CB}.Debug|Any CPU.Build.0 = Debug|Any CPU
		{37F6BDC2-A64B-4800-B2EF-8C13EB3C55CB}.Release|Any CPU.ActiveCfg = Release|Any CPU
		{37F6BDC2-A64B-4800-B2EF-8C13EB3C55CB}.Release|Any CPU.Build.0 = Release|Any CPU
		{7B5E8832-8DD9-45F4-A97E-84D8C8B8FE0A}.Debug|Any CPU.ActiveCfg = Debug|Any CPU
		{7B5E8832-8DD9-45F4-A97E-84D8C8B8FE0A}.Debug|Any CPU.Build.0 = Debug|Any CPU
		{7B5E8832-8DD9-45F4-A97E-84D8C8B8FE0A}.Release|Any CPU.ActiveCfg = Release|Any CPU
		{7B5E8832-8DD9-45F4-A97E-84D8C8B8FE0A}.Release|Any CPU.Build.0 = Release|Any CPU
		{1746141D-3E92-4AFE-B2AA-2C9E213AFB56}.Debug|Any CPU.ActiveCfg = Debug|Any CPU
		{1746141D-3E92-4AFE-B2AA-2C9E213AFB56}.Debug|Any CPU.Build.0 = Debug|Any CPU
		{1746141D-3E92-4AFE-B2AA-2C9E213AFB56}.Release|Any CPU.ActiveCfg = Release|Any CPU
		{1746141D-3E92-4AFE-B2AA-2C9E213AFB56}.Release|Any CPU.Build.0 = Release|Any CPU
		{DFDC77B1-49F7-42BE-9E04-A0793DAFE3F9}.Debug|Any CPU.ActiveCfg = Debug|Any CPU
		{DFDC77B1-49F7-42BE-9E04-A0793DAFE3F9}.Debug|Any CPU.Build.0 = Debug|Any CPU
		{DFDC77B1-49F7-42BE-9E04-A0793DAFE3F9}.Release|Any CPU.ActiveCfg = Release|Any CPU
		{DFDC77B1-49F7-42BE-9E04-A0793DAFE3F9}.Release|Any CPU.Build.0 = Release|Any CPU
		{ACABC719-3382-4C68-A6C0-55CF0C29E7A2}.Debug|Any CPU.ActiveCfg = Debug|Any CPU
		{ACABC719-3382-4C68-A6C0-55CF0C29E7A2}.Debug|Any CPU.Build.0 = Debug|Any CPU
		{ACABC719-3382-4C68-A6C0-55CF0C29E7A2}.Release|Any CPU.ActiveCfg = Release|Any CPU
		{ACABC719-3382-4C68-A6C0-55CF0C29E7A2}.Release|Any CPU.Build.0 = Release|Any CPU
	EndGlobalSection
	GlobalSection(SolutionProperties) = preSolution
		HideSolutionNode = FALSE
	EndGlobalSection
	GlobalSection(NestedProjects) = preSolution
		{FA53EFAA-7BD3-4AE2-9C4A-5A025DD9A9AE} = {BD7FFB68-5CF8-4FA7-8CBC-F40EC21C8971}
		{44819E4F-0726-49C4-AE3D-9EDA4BD3B168} = {BD7FFB68-5CF8-4FA7-8CBC-F40EC21C8971}
		{37F6BDC2-A64B-4800-B2EF-8C13EB3C55CB} = {BD7FFB68-5CF8-4FA7-8CBC-F40EC21C8971}
		{7B5E8832-8DD9-45F4-A97E-84D8C8B8FE0A} = {BD7FFB68-5CF8-4FA7-8CBC-F40EC21C8971}
		{1746141D-3E92-4AFE-B2AA-2C9E213AFB56} = {BD7FFB68-5CF8-4FA7-8CBC-F40EC21C8971}
		{DFDC77B1-49F7-42BE-9E04-A0793DAFE3F9} = {BD7FFB68-5CF8-4FA7-8CBC-F40EC21C8971}
		{ACABC719-3382-4C68-A6C0-55CF0C29E7A2} = {BD7FFB68-5CF8-4FA7-8CBC-F40EC21C8971}
	EndGlobalSection
	GlobalSection(ExtensibilityGlobals) = postSolution
		SolutionGuid = {F44E479A-8E9F-4E8C-93B3-AE09CF3735B7}
	EndGlobalSection
EndGlobal
