
Microsoft Visual Studio Solution File, Format Version 12.00
# Visual Studio Version 17
VisualStudioVersion = 17.6.33829.357
MinimumVisualStudioVersion = 10.0.40219.1
Project("{2150E333-8FDC-42A3-9474-1A3956D46DE8}") = "src", "src", "{BD7FFB68-5CF8-4FA7-8CBC-F40EC21C8971}"
EndProject
Project("{9A19103F-16F7-4668-BE54-9A1E7A4F7556}") = "CabTap.Web", "CabTap.Web\CabTap.Web.csproj", "{FA53EFAA-7BD3-4AE2-9C4A-5A025DD9A9AE}"
EndProject
Global
	GlobalSection(SolutionConfigurationPlatforms) = preSolution
		Debug|Any CPU = Debug|Any CPU
		Release|Any CPU = Release|Any CPU
	EndGlobalSection
	GlobalSection(ProjectConfigurationPlatforms) = postSolution
		{FA53EFAA-7BD3-4AE2-9C4A-5A025DD9A9AE}.Debug|Any CPU.ActiveCfg = Debug|Any CPU
		{FA53EFAA-7BD3-4AE2-9C4A-5A025DD9A9AE}.Debug|Any CPU.Build.0 = Debug|Any CPU
		{FA53EFAA-7BD3-4AE2-9C4A-5A025DD9A9AE}.Release|Any CPU.ActiveCfg = Release|Any CPU
		{FA53EFAA-7BD3-4AE2-9C4A-5A025DD9A9AE}.Release|Any CPU.Build.0 = Release|Any CPU
	EndGlobalSection
	GlobalSection(SolutionProperties) = preSolution
		HideSolutionNode = FALSE
	EndGlobalSection
	GlobalSection(NestedProjects) = preSolution
		{FA53EFAA-7BD3-4AE2-9C4A-5A025DD9A9AE} = {BD7FFB68-5CF8-4FA7-8CBC-F40EC21C8971}
	EndGlobalSection
	GlobalSection(ExtensibilityGlobals) = postSolution
		SolutionGuid = {F44E479A-8E9F-4E8C-93B3-AE09CF3735B7}
	EndGlobalSection
EndGlobal
