
Microsoft Visual Studio Solution File, Format Version 12.00
Project("{FAE04EC0-301F-11D3-BF4B-00C04F79EFBC}") = "CabTap.Api", "CabTap.Api\CabTap.Api.csproj", "{C2F6F7CE-521B-4601-B255-8281F217ABBE}"
EndProject
Project("{FAE04EC0-301F-11D3-BF4B-00C04F79EFBC}") = "CabTap.Core", "CabTap.Core\CabTap.Core.csproj", "{4261647D-E097-4FE3-AC00-439FD4FAA26B}"
EndProject
Project("{FAE04EC0-301F-11D3-BF4B-00C04F79EFBC}") = "CabTap.Data", "CabTap.Data\CabTap.Data.csproj", "{EEB2D961-1227-4B9B-B946-9C84BC3B3794}"
EndProject
Project("{FAE04EC0-301F-11D3-BF4B-00C04F79EFBC}") = "CabTap.Infrastructure", "CabTap.Infrastructure\CabTap.Infrastructure.csproj", "{5A2ADD02-DDD5-4527-848B-6929A4279708}"
EndProject
Project("{FAE04EC0-301F-11D3-BF4B-00C04F79EFBC}") = "CabTap.Services", "CabTap.Services\CabTap.Services.csproj", "{89A1C7EC-A1B3-4CFD-BA8E-7924D51AC333}"
EndProject
Project("{FAE04EC0-301F-11D3-BF4B-00C04F79EFBC}") = "CabTap.Shared", "CabTap.Shared\CabTap.Shared.csproj", "{4CF72A60-0AF3-41C9-BEC4-C6FA68993DC7}"
EndProject
Project("{FAE04EC0-301F-11D3-BF4B-00C04F79EFBC}") = "CabTap.Web", "CabTap.Web\CabTap.Web.csproj", "{9E014C91-BF28-4838-A23B-77FB50A6CF4D}"
EndProject
Global
	GlobalSection(SolutionConfigurationPlatforms) = preSolution
		Debug|Any CPU = Debug|Any CPU
		Release|Any CPU = Release|Any CPU
	EndGlobalSection
	GlobalSection(ProjectConfigurationPlatforms) = postSolution
		{C2F6F7CE-521B-4601-B255-8281F217ABBE}.Debug|Any CPU.ActiveCfg = Debug|Any CPU
		{C2F6F7CE-521B-4601-B255-8281F217ABBE}.Debug|Any CPU.Build.0 = Debug|Any CPU
		{C2F6F7CE-521B-4601-B255-8281F217ABBE}.Release|Any CPU.ActiveCfg = Release|Any CPU
		{C2F6F7CE-521B-4601-B255-8281F217ABBE}.Release|Any CPU.Build.0 = Release|Any CPU
		{4261647D-E097-4FE3-AC00-439FD4FAA26B}.Debug|Any CPU.ActiveCfg = Debug|Any CPU
		{4261647D-E097-4FE3-AC00-439FD4FAA26B}.Debug|Any CPU.Build.0 = Debug|Any CPU
		{4261647D-E097-4FE3-AC00-439FD4FAA26B}.Release|Any CPU.ActiveCfg = Release|Any CPU
		{4261647D-E097-4FE3-AC00-439FD4FAA26B}.Release|Any CPU.Build.0 = Release|Any CPU
		{EEB2D961-1227-4B9B-B946-9C84BC3B3794}.Debug|Any CPU.ActiveCfg = Debug|Any CPU
		{EEB2D961-1227-4B9B-B946-9C84BC3B3794}.Debug|Any CPU.Build.0 = Debug|Any CPU
		{EEB2D961-1227-4B9B-B946-9C84BC3B3794}.Release|Any CPU.ActiveCfg = Release|Any CPU
		{EEB2D961-1227-4B9B-B946-9C84BC3B3794}.Release|Any CPU.Build.0 = Release|Any CPU
		{5A2ADD02-DDD5-4527-848B-6929A4279708}.Debug|Any CPU.ActiveCfg = Debug|Any CPU
		{5A2ADD02-DDD5-4527-848B-6929A4279708}.Debug|Any CPU.Build.0 = Debug|Any CPU
		{5A2ADD02-DDD5-4527-848B-6929A4279708}.Release|Any CPU.ActiveCfg = Release|Any CPU
		{5A2ADD02-DDD5-4527-848B-6929A4279708}.Release|Any CPU.Build.0 = Release|Any CPU
		{89A1C7EC-A1B3-4CFD-BA8E-7924D51AC333}.Debug|Any CPU.ActiveCfg = Debug|Any CPU
		{89A1C7EC-A1B3-4CFD-BA8E-7924D51AC333}.Debug|Any CPU.Build.0 = Debug|Any CPU
		{89A1C7EC-A1B3-4CFD-BA8E-7924D51AC333}.Release|Any CPU.ActiveCfg = Release|Any CPU
		{89A1C7EC-A1B3-4CFD-BA8E-7924D51AC333}.Release|Any CPU.Build.0 = Release|Any CPU
		{4CF72A60-0AF3-41C9-BEC4-C6FA68993DC7}.Debug|Any CPU.ActiveCfg = Debug|Any CPU
		{4CF72A60-0AF3-41C9-BEC4-C6FA68993DC7}.Debug|Any CPU.Build.0 = Debug|Any CPU
		{4CF72A60-0AF3-41C9-BEC4-C6FA68993DC7}.Release|Any CPU.ActiveCfg = Release|Any CPU
		{4CF72A60-0AF3-41C9-BEC4-C6FA68993DC7}.Release|Any CPU.Build.0 = Release|Any CPU
		{9E014C91-BF28-4838-A23B-77FB50A6CF4D}.Debug|Any CPU.ActiveCfg = Debug|Any CPU
		{9E014C91-BF28-4838-A23B-77FB50A6CF4D}.Debug|Any CPU.Build.0 = Debug|Any CPU
		{9E014C91-BF28-4838-A23B-77FB50A6CF4D}.Release|Any CPU.ActiveCfg = Release|Any CPU
		{9E014C91-BF28-4838-A23B-77FB50A6CF4D}.Release|Any CPU.Build.0 = Release|Any CPU
	EndGlobalSection
EndGlobal
